{"version":4,"terraform_version":"1.8.7","serial":2,"lineage":"4ff1896f-c808-b0f1-d2a5-c0ba15523033","outputs":{},"resources":[{"mode":"managed","type":"digitalocean_project","name":"playground","provider":"provider[\"registry.opentofu.org/digitalocean/digitalocean\"]","instances":[{"schema_version":0,"attributes":{"created_at":"2025-02-03T15:18:47Z","description":"A project to represent development resources.","environment":"Development","id":"d1ee5858-4157-41fb-9a44-29a1e42698d0","is_default":false,"name":"playground","owner_id":15098223,"owner_uuid":"ca5d7d80-70db-4082-8a8c-e42283b13440","purpose":"Web Application","resources":[],"timeouts":null,"updated_at":"2025-02-03T15:18:47Z"},"sensitive_attributes":[],"private":"eyJlMmJmYjczMC1lY2FhLTExZTYtOGY4OC0zNDM2M2JjN2M0YzAiOnsiZGVsZXRlIjoxODAwMDAwMDAwMDB9fQ=="}]}],"check_results":null}
